
Microsoft Visual Studio Solution File, Format Version 12.00
# Visual Studio Version 17
VisualStudioVersion = 17.9.34622.214
MinimumVisualStudioVersion = 10.0.40219.1
Project("{FAE04EC0-301F-11D3-BF4B-00C04F79EFBC}") = "laboratorna1", "laboratorna1\laboratorna1.csproj", "{7A5243BE-80C7-4115-B2CF-E7E5B767A419}"
EndProject
Global
	GlobalSection(SolutionConfigurationPlatforms) = preSolution
		Debug|Any CPU = Debug|Any CPU
		Release|Any CPU = Release|Any CPU
	EndGlobalSection
	GlobalSection(ProjectConfigurationPlatforms) = postSolution
		{7A5243BE-80C7-4115-B2CF-E7E5B767A419}.Debug|Any CPU.ActiveCfg = Debug|Any CPU
		{7A5243BE-80C7-4115-B2CF-E7E5B767A419}.Debug|Any CPU.Build.0 = Debug|Any CPU
		{7A5243BE-80C7-4115-B2CF-E7E5B767A419}.Release|Any CPU.ActiveCfg = Release|Any CPU
		{7A5243BE-80C7-4115-B2CF-E7E5B767A419}.Release|Any CPU.Build.0 = Release|Any CPU
	EndGlobalSection
	GlobalSection(SolutionProperties) = preSolution
		HideSolutionNode = FALSE
	EndGlobalSection
	GlobalSection(ExtensibilityGlobals) = postSolution
		SolutionGuid = {533CE5DA-FB4A-4459-A7A5-4D5B137C9877}
	EndGlobalSection
EndGlobal
